{
  "name": "API Speedrun",
  "lockfileVersion": 3,
  "requires": true,
  "packages": {
    "": {
      "dependencies": {
        "@didtools/cacao": "^2.1.0",
        "dotenv": "^16.3.1",
        "ethers": "^6.7.1",
        "node-fetch": "^3.3.2",
        "viem": "^1.10.14"
      }
    },
    "node_modules/@adraffy/ens-normalize": {
      "version": "1.9.2",
      "resolved": "https://registry.npmjs.org/@adraffy/ens-normalize/-/ens-normalize-1.9.2.tgz",
      "integrity": "sha512-0h+FrQDqe2Wn+IIGFkTCd4aAwTJ+7834Ek1COohCyV26AXhwQ7WQaz+4F/nLOeVl/3BtWHOHLPsq46V8YB46Eg=="
    },
    "node_modules/@didtools/cacao": {
      "version": "2.1.0",
      "resolved": "https://registry.npmjs.org/@didtools/cacao/-/cacao-2.1.0.tgz",
      "integrity": "sha512-35gopj+mOmAlA3nHoHiYMvNMXJtbJDJnVpIlCf/Wf/+/x+uG9aIQefXfF35D6JuaTCZ0apabjpT2umL5h3EXcw==",
      "dependencies": {
        "@didtools/codecs": "^1.0.1",
        "@didtools/siwx": "1.0.0",
        "@ipld/dag-cbor": "^9.0.1",
        "caip": "^1.1.0",
        "multiformats": "^11.0.2",
        "uint8arrays": "^4.0.3"
      },
      "engines": {
        "node": ">=14.14"
      }
    },
    "node_modules/@didtools/codecs": {
      "version": "1.0.1",
      "resolved": "https://registry.npmjs.org/@didtools/codecs/-/codecs-1.0.1.tgz",
      "integrity": "sha512-6PYXOCX7mwVWUcudKQ3eW5LtI8v5esozazbf2q2F01PE+LoeEvTytvgU9FEspj4pATpq3hPx1eenX2uLirDJ8w==",
      "dependencies": {
        "codeco": "^1.1.0",
        "multiformats": "^11.0.1",
        "uint8arrays": "^4.0.3"
      },
      "engines": {
        "node": ">=14.14"
      }
    },
    "node_modules/@didtools/siwx": {
      "version": "1.0.0",
      "resolved": "https://registry.npmjs.org/@didtools/siwx/-/siwx-1.0.0.tgz",
      "integrity": "sha512-b7sPDTNHdySoJ+Rp2p06x3rg1iTxI4yPTTA3PrPh40xcvFJ0K/YhdIb/Rzff13t92arcJ+VYGFhqtJorauV91g==",
      "dependencies": {
        "codeco": "^1.1.0"
      },
      "engines": {
        "node": ">=14.14"
      }
    },
    "node_modules/@ipld/dag-cbor": {
      "version": "9.0.5",
      "resolved": "https://registry.npmjs.org/@ipld/dag-cbor/-/dag-cbor-9.0.5.tgz",
      "integrity": "sha512-TyqgtxEojc98rvxg4NGM+73JzQeM4+tK2VQes/in2mdyhO+1wbGuBijh1tvi9BErQ/dEblxs9v4vEQSX8mFCIw==",
      "dependencies": {
        "cborg": "^4.0.0",
        "multiformats": "^12.0.1"
      },
      "engines": {
        "node": ">=16.0.0",
        "npm": ">=7.0.0"
      }
    },
    "node_modules/@ipld/dag-cbor/node_modules/multiformats": {
      "version": "12.1.1",
      "resolved": "https://registry.npmjs.org/multiformats/-/multiformats-12.1.1.tgz",
      "integrity": "sha512-GBSToTmri2vJYs8wqcZQ8kB21dCaeTOzHTIAlr8J06C1eL6UbzqURXFZ5Fl0EYm9GAFz1IlYY8SxGOs9G9NJRg==",
      "engines": {
        "node": ">=16.0.0",
        "npm": ">=7.0.0"
      }
    },
    "node_modules/@noble/curves": {
      "version": "1.2.0",
      "resolved": "https://registry.npmjs.org/@noble/curves/-/curves-1.2.0.tgz",
      "integrity": "sha512-oYclrNgRaM9SsBUBVbb8M6DTV7ZHRTKugureoYEncY5c65HOmRzvSiTE3y5CYaPYJA/GVkrhXEoF0M3Ya9PMnw==",
      "dependencies": {
        "@noble/hashes": "1.3.2"
      },
      "funding": {
        "url": "https://paulmillr.com/funding/"
      }
    },
    "node_modules/@noble/curves/node_modules/@noble/hashes": {
      "version": "1.3.2",
      "resolved": "https://registry.npmjs.org/@noble/hashes/-/hashes-1.3.2.tgz",
      "integrity": "sha512-MVC8EAQp7MvEcm30KWENFjgR+Mkmf+D189XJTkFIlwohU5hcBbn1ZkKq7KVTi2Hme3PMGF390DaL52beVrIihQ==",
      "engines": {
        "node": ">= 16"
      },
      "funding": {
        "url": "https://paulmillr.com/funding/"
      }
    },
    "node_modules/@noble/hashes": {
      "version": "1.1.2",
      "resolved": "https://registry.npmjs.org/@noble/hashes/-/hashes-1.1.2.tgz",
      "integrity": "sha512-KYRCASVTv6aeUi1tsF8/vpyR7zpfs3FUzy2Jqm+MU+LmUKhQ0y2FpfwqkCcxSg2ua4GALJd8k2R76WxwZGbQpA==",
      "funding": [
        {
          "type": "individual",
          "url": "https://paulmillr.com/funding/"
        }
      ]
    },
    "node_modules/@noble/secp256k1": {
      "version": "1.7.1",
      "resolved": "https://registry.npmjs.org/@noble/secp256k1/-/secp256k1-1.7.1.tgz",
      "integrity": "sha512-hOUk6AyBFmqVrv7k5WAw/LpszxVbj9gGN4JRkIX52fdFAj1UA61KXmZDvqVEm+pOyec3+fIeZB02LYa/pWOArw==",
      "funding": [
        {
          "type": "individual",
          "url": "https://paulmillr.com/funding/"
        }
      ]
    },
    "node_modules/@scure/base": {
      "version": "1.1.3",
      "resolved": "https://registry.npmjs.org/@scure/base/-/base-1.1.3.tgz",
      "integrity": "sha512-/+SgoRjLq7Xlf0CWuLHq2LUZeL/w65kfzAPG5NH9pcmBhs+nunQTn4gvdwgMTIXnt9b2C/1SeL2XiysZEyIC9Q==",
      "funding": {
        "url": "https://paulmillr.com/funding/"
      }
    },
    "node_modules/@scure/bip32": {
      "version": "1.3.2",
      "resolved": "https://registry.npmjs.org/@scure/bip32/-/bip32-1.3.2.tgz",
      "integrity": "sha512-N1ZhksgwD3OBlwTv3R6KFEcPojl/W4ElJOeCZdi+vuI5QmTFwLq3OFf2zd2ROpKvxFdgZ6hUpb0dx9bVNEwYCA==",
      "dependencies": {
        "@noble/curves": "~1.2.0",
        "@noble/hashes": "~1.3.2",
        "@scure/base": "~1.1.2"
      },
      "funding": {
        "url": "https://paulmillr.com/funding/"
      }
    },
    "node_modules/@scure/bip32/node_modules/@noble/hashes": {
      "version": "1.3.2",
      "resolved": "https://registry.npmjs.org/@noble/hashes/-/hashes-1.3.2.tgz",
      "integrity": "sha512-MVC8EAQp7MvEcm30KWENFjgR+Mkmf+D189XJTkFIlwohU5hcBbn1ZkKq7KVTi2Hme3PMGF390DaL52beVrIihQ==",
      "engines": {
        "node": ">= 16"
      },
      "funding": {
        "url": "https://paulmillr.com/funding/"
      }
    },
    "node_modules/@scure/bip39": {
      "version": "1.2.1",
      "resolved": "https://registry.npmjs.org/@scure/bip39/-/bip39-1.2.1.tgz",
      "integrity": "sha512-Z3/Fsz1yr904dduJD0NpiyRHhRYHdcnyh73FZWiV+/qhWi83wNJ3NWolYqCEN+ZWsUz2TWwajJggcRE9r1zUYg==",
      "dependencies": {
        "@noble/hashes": "~1.3.0",
        "@scure/base": "~1.1.0"
      },
      "funding": {
        "url": "https://paulmillr.com/funding/"
      }
    },
    "node_modules/@scure/bip39/node_modules/@noble/hashes": {
      "version": "1.3.2",
      "resolved": "https://registry.npmjs.org/@noble/hashes/-/hashes-1.3.2.tgz",
      "integrity": "sha512-MVC8EAQp7MvEcm30KWENFjgR+Mkmf+D189XJTkFIlwohU5hcBbn1ZkKq7KVTi2Hme3PMGF390DaL52beVrIihQ==",
      "engines": {
        "node": ">= 16"
      },
      "funding": {
        "url": "https://paulmillr.com/funding/"
      }
    },
    "node_modules/@types/node": {
      "version": "18.15.13",
      "resolved": "https://registry.npmjs.org/@types/node/-/node-18.15.13.tgz",
      "integrity": "sha512-N+0kuo9KgrUQ1Sn/ifDXsvg0TTleP7rIy4zOBGECxAljqvqfqpTfzx0Q1NUedOixRMBfe2Whhb056a42cWs26Q=="
    },
    "node_modules/@types/ws": {
      "version": "8.5.5",
      "resolved": "https://registry.npmjs.org/@types/ws/-/ws-8.5.5.tgz",
      "integrity": "sha512-lwhs8hktwxSjf9UaZ9tG5M03PGogvFaH8gUgLNbN9HKIg0dvv6q+gkSuJ8HN4/VbyxkuLzCjlN7GquQ0gUJfIg==",
      "dependencies": {
        "@types/node": "*"
      }
    },
    "node_modules/abitype": {
      "version": "0.9.8",
      "resolved": "https://registry.npmjs.org/abitype/-/abitype-0.9.8.tgz",
      "integrity": "sha512-puLifILdm+8sjyss4S+fsUN09obiT1g2YW6CtcQF+QDzxR0euzgEB29MZujC6zMk2a6SVmtttq1fc6+YFA7WYQ==",
      "funding": [
        {
          "type": "github",
          "url": "https://github.com/sponsors/wagmi-dev"
        }
      ],
      "peerDependencies": {
        "typescript": ">=5.0.4",
        "zod": "^3 >=3.19.1"
      },
      "peerDependenciesMeta": {
        "typescript": {
          "optional": true
        },
        "zod": {
          "optional": true
        }
      }
    },
    "node_modules/aes-js": {
      "version": "4.0.0-beta.5",
      "resolved": "https://registry.npmjs.org/aes-js/-/aes-js-4.0.0-beta.5.tgz",
      "integrity": "sha512-G965FqalsNyrPqgEGON7nIx1e/OVENSgiEIzyC63haUMuvNnwIgIjMs52hlTCKhkBny7A2ORNlfY9Zu+jmGk1Q=="
    },
    "node_modules/caip": {
      "version": "1.1.0",
      "resolved": "https://registry.npmjs.org/caip/-/caip-1.1.0.tgz",
      "integrity": "sha512-yOO3Fu4ygyKYAdznuoaqschMKIZzcdgyMpBNtrIfrUhnOeaOWG+dh0c13wcOS6B/46IGGbncoyzJlio79jU7rw=="
    },
    "node_modules/cborg": {
      "version": "4.0.2",
      "resolved": "https://registry.npmjs.org/cborg/-/cborg-4.0.2.tgz",
      "integrity": "sha512-BJa8DpxuDYBeO0wM0xxSLqBWn94sQutHs3prj/4vji/FMeRmOs/1LRGKFQjouS15X468KDKamr2OqXBSWq4Tcg==",
      "bin": {
        "cborg": "lib/bin.js"
      }
    },
    "node_modules/codeco": {
      "version": "1.2.0",
      "resolved": "https://registry.npmjs.org/codeco/-/codeco-1.2.0.tgz",
      "integrity": "sha512-SHTBW7QsiDtHGqEyhX10gZesmWlWV00gXteFyU2xLqyZmy658/+HlPyXG5EvY05+csQNWjBIfGg2mZrklR1RtQ=="
    },
    "node_modules/data-uri-to-buffer": {
      "version": "4.0.1",
      "resolved": "https://registry.npmjs.org/data-uri-to-buffer/-/data-uri-to-buffer-4.0.1.tgz",
      "integrity": "sha512-0R9ikRb668HB7QDxT1vkpuUBtqc53YyAwMwGeUFKRojY/NWKvdZ+9UYtRfGmhqNbRkTSVpMbmyhXipFFv2cb/A==",
      "engines": {
        "node": ">= 12"
      }
    },
    "node_modules/dotenv": {
      "version": "16.3.1",
      "resolved": "https://registry.npmjs.org/dotenv/-/dotenv-16.3.1.tgz",
      "integrity": "sha512-IPzF4w4/Rd94bA9imS68tZBaYyBWSCE47V1RGuMrB94iyTOIEwRmVL2x/4An+6mETpLrKJ5hQkB8W4kFAadeIQ==",
      "engines": {
        "node": ">=12"
      },
      "funding": {
        "url": "https://github.com/motdotla/dotenv?sponsor=1"
      }
    },
    "node_modules/ethers": {
      "version": "6.7.1",
      "resolved": "https://registry.npmjs.org/ethers/-/ethers-6.7.1.tgz",
      "integrity": "sha512-qX5kxIFMfg1i+epfgb0xF4WM7IqapIIu50pOJ17aebkxxa4BacW5jFrQRmCJpDEg2ZK2oNtR5QjrQ1WDBF29dA==",
      "funding": [
        {
          "type": "individual",
          "url": "https://github.com/sponsors/ethers-io/"
        },
        {
          "type": "individual",
          "url": "https://www.buymeacoffee.com/ricmoo"
        }
      ],
      "dependencies": {
        "@adraffy/ens-normalize": "1.9.2",
        "@noble/hashes": "1.1.2",
        "@noble/secp256k1": "1.7.1",
        "@types/node": "18.15.13",
        "aes-js": "4.0.0-beta.5",
        "tslib": "2.4.0",
        "ws": "8.5.0"
      },
      "engines": {
        "node": ">=14.0.0"
      }
    },
    "node_modules/fetch-blob": {
      "version": "3.2.0",
      "resolved": "https://registry.npmjs.org/fetch-blob/-/fetch-blob-3.2.0.tgz",
      "integrity": "sha512-7yAQpD2UMJzLi1Dqv7qFYnPbaPx7ZfFK6PiIxQ4PfkGPyNyl2Ugx+a/umUonmKqjhM4DnfbMvdX6otXq83soQQ==",
      "funding": [
        {
          "type": "github",
          "url": "https://github.com/sponsors/jimmywarting"
        },
        {
          "type": "paypal",
          "url": "https://paypal.me/jimmywarting"
        }
      ],
      "dependencies": {
        "node-domexception": "^1.0.0",
        "web-streams-polyfill": "^3.0.3"
      },
      "engines": {
        "node": "^12.20 || >= 14.13"
      }
    },
    "node_modules/formdata-polyfill": {
      "version": "4.0.10",
      "resolved": "https://registry.npmjs.org/formdata-polyfill/-/formdata-polyfill-4.0.10.tgz",
      "integrity": "sha512-buewHzMvYL29jdeQTVILecSaZKnt/RJWjoZCF5OW60Z67/GmSLBkOFM7qh1PI3zFNtJbaZL5eQu1vLfazOwj4g==",
      "dependencies": {
        "fetch-blob": "^3.1.2"
      },
      "engines": {
        "node": ">=12.20.0"
      }
    },
    "node_modules/isomorphic-ws": {
      "version": "5.0.0",
      "resolved": "https://registry.npmjs.org/isomorphic-ws/-/isomorphic-ws-5.0.0.tgz",
      "integrity": "sha512-muId7Zzn9ywDsyXgTIafTry2sV3nySZeUDe6YedVd1Hvuuep5AsIlqK+XefWpYTyJG5e503F2xIuT2lcU6rCSw==",
      "peerDependencies": {
        "ws": "*"
      }
    },
    "node_modules/multiformats": {
      "version": "11.0.2",
      "resolved": "https://registry.npmjs.org/multiformats/-/multiformats-11.0.2.tgz",
      "integrity": "sha512-b5mYMkOkARIuVZCpvijFj9a6m5wMVLC7cf/jIPd5D/ARDOfLC5+IFkbgDXQgcU2goIsTD/O9NY4DI/Mt4OGvlg==",
      "engines": {
        "node": ">=16.0.0",
        "npm": ">=7.0.0"
      }
    },
    "node_modules/node-domexception": {
      "version": "1.0.0",
      "resolved": "https://registry.npmjs.org/node-domexception/-/node-domexception-1.0.0.tgz",
      "integrity": "sha512-/jKZoMpw0F8GRwl4/eLROPA3cfcXtLApP0QzLmUT/HuPCZWyB7IY9ZrMeKw2O/nFIqPQB3PVM9aYm0F312AXDQ==",
      "funding": [
        {
          "type": "github",
          "url": "https://github.com/sponsors/jimmywarting"
        },
        {
          "type": "github",
          "url": "https://paypal.me/jimmywarting"
        }
      ],
      "engines": {
        "node": ">=10.5.0"
      }
    },
    "node_modules/node-fetch": {
      "version": "3.3.2",
      "resolved": "https://registry.npmjs.org/node-fetch/-/node-fetch-3.3.2.tgz",
      "integrity": "sha512-dRB78srN/l6gqWulah9SrxeYnxeddIG30+GOqK/9OlLVyLg3HPnr6SqOWTWOXKRwC2eGYCkZ59NNuSgvSrpgOA==",
      "dependencies": {
        "data-uri-to-buffer": "^4.0.0",
        "fetch-blob": "^3.1.4",
        "formdata-polyfill": "^4.0.10"
      },
      "engines": {
        "node": "^12.20.0 || ^14.13.1 || >=16.0.0"
      },
      "funding": {
        "type": "opencollective",
        "url": "https://opencollective.com/node-fetch"
      }
    },
    "node_modules/tslib": {
      "version": "2.4.0",
      "resolved": "https://registry.npmjs.org/tslib/-/tslib-2.4.0.tgz",
      "integrity": "sha512-d6xOpEDfsi2CZVlPQzGeux8XMwLT9hssAsaPYExaQMuYskwb+x1x7J371tWlbBdWHroy99KnVB6qIkUbs5X3UQ=="
    },
    "node_modules/uint8arrays": {
      "version": "4.0.6",
      "resolved": "https://registry.npmjs.org/uint8arrays/-/uint8arrays-4.0.6.tgz",
      "integrity": "sha512-4ZesjQhqOU2Ip6GPReIwN60wRxIupavL8T0Iy36BBHr2qyMrNxsPJvr7vpS4eFt8F8kSguWUPad6ZM9izs/vyw==",
      "dependencies": {
        "multiformats": "^12.0.1"
      }
    },
    "node_modules/uint8arrays/node_modules/multiformats": {
      "version": "12.1.1",
      "resolved": "https://registry.npmjs.org/multiformats/-/multiformats-12.1.1.tgz",
      "integrity": "sha512-GBSToTmri2vJYs8wqcZQ8kB21dCaeTOzHTIAlr8J06C1eL6UbzqURXFZ5Fl0EYm9GAFz1IlYY8SxGOs9G9NJRg==",
      "engines": {
        "node": ">=16.0.0",
        "npm": ">=7.0.0"
      }
    },
    "node_modules/viem": {
      "version": "1.10.14",
      "resolved": "https://registry.npmjs.org/viem/-/viem-1.10.14.tgz",
      "integrity": "sha512-GRwFXLFr+/7+7nYYkABgHom3zMIE3DdxZ/DP78QlYWUanpjUV5IebxMOm6pfKD+ZAj3vf9YPAmz+WogjiUgDWw==",
      "funding": [
        {
          "type": "github",
          "url": "https://github.com/sponsors/wagmi-dev"
        }
      ],
      "dependencies": {
        "@adraffy/ens-normalize": "1.9.4",
        "@noble/curves": "1.2.0",
        "@noble/hashes": "1.3.2",
        "@scure/bip32": "1.3.2",
        "@scure/bip39": "1.2.1",
        "@types/ws": "^8.5.5",
        "abitype": "0.9.8",
        "isomorphic-ws": "5.0.0",
        "ws": "8.13.0"
      },
      "peerDependencies": {
        "typescript": ">=5.0.4"
      },
      "peerDependenciesMeta": {
        "typescript": {
          "optional": true
        }
      }
    },
    "node_modules/viem/node_modules/@adraffy/ens-normalize": {
      "version": "1.9.4",
      "resolved": "https://registry.npmjs.org/@adraffy/ens-normalize/-/ens-normalize-1.9.4.tgz",
      "integrity": "sha512-UK0bHA7hh9cR39V+4gl2/NnBBjoXIxkuWAPCaY4X7fbH4L/azIi7ilWOCjMUYfpJgraLUAqkRi2BqrjME8Rynw=="
    },
    "node_modules/viem/node_modules/@noble/hashes": {
      "version": "1.3.2",
      "resolved": "https://registry.npmjs.org/@noble/hashes/-/hashes-1.3.2.tgz",
      "integrity": "sha512-MVC8EAQp7MvEcm30KWENFjgR+Mkmf+D189XJTkFIlwohU5hcBbn1ZkKq7KVTi2Hme3PMGF390DaL52beVrIihQ==",
      "engines": {
        "node": ">= 16"
      },
      "funding": {
        "url": "https://paulmillr.com/funding/"
      }
    },
    "node_modules/viem/node_modules/ws": {
      "version": "8.13.0",
      "resolved": "https://registry.npmjs.org/ws/-/ws-8.13.0.tgz",
      "integrity": "sha512-x9vcZYTrFPC7aSIbj7sRCYo7L/Xb8Iy+pW0ng0wt2vCJv7M9HOMy0UoN3rr+IFC7hb7vXoqS+P9ktyLLLhO+LA==",
      "engines": {
        "node": ">=10.0.0"
      },
      "peerDependencies": {
        "bufferutil": "^4.0.1",
        "utf-8-validate": ">=5.0.2"
      },
      "peerDependenciesMeta": {
        "bufferutil": {
          "optional": true
        },
        "utf-8-validate": {
          "optional": true
        }
      }
    },
    "node_modules/web-streams-polyfill": {
      "version": "3.2.1",
      "resolved": "https://registry.npmjs.org/web-streams-polyfill/-/web-streams-polyfill-3.2.1.tgz",
      "integrity": "sha512-e0MO3wdXWKrLbL0DgGnUV7WHVuw9OUvL4hjgnPkIeEvESk74gAITi5G606JtZPp39cd8HA9VQzCIvA49LpPN5Q==",
      "engines": {
        "node": ">= 8"
      }
    },
    "node_modules/ws": {
      "version": "8.5.0",
      "resolved": "https://registry.npmjs.org/ws/-/ws-8.5.0.tgz",
      "integrity": "sha512-BWX0SWVgLPzYwF8lTzEy1egjhS4S4OEAHfsO8o65WOVsrnSRGaSiUaa9e0ggGlkMTtBlmOpEXiie9RUcBO86qg==",
      "engines": {
        "node": ">=10.0.0"
      },
      "peerDependencies": {
        "bufferutil": "^4.0.1",
        "utf-8-validate": "^5.0.2"
      },
      "peerDependenciesMeta": {
        "bufferutil": {
          "optional": true
        },
        "utf-8-validate": {
          "optional": true
        }
      }
    }
  }
}
